{
  "name": "org-parser",
  "lockfileVersion": 3,
  "requires": true,
  "packages": {
    "": {
      "name": "org-parser",
      "dependencies": {
        "antlr4": "4.13.2"
      }
    },
    "node_modules/antlr4": {
      "version": "4.13.2",
      "resolved": "https://registry.npmjs.org/antlr4/-/antlr4-4.13.2.tgz",
      "integrity": "sha512-QiVbZhyy4xAZ17UPEuG3YTOt8ZaoeOR1CvEAqrEsDBsOqINslaB147i9xqljZqoyf5S+EUlGStaj+t22LT9MOg==",
      "license": "BSD-3-Clause",
      "engines": {
        "node": ">=16"
      }
    }
  }
}
